
Microsoft Visual Studio Solution File, Format Version 12.00
# Visual Studio 2013
VisualStudioVersion = 12.0.40629.0
MinimumVisualStudioVersion = 10.0.40219.1
Project("{FAE04EC0-301F-11D3-BF4B-00C04F79EFBC}") = "ArmstrongNumber", "ArmstrongNumber\ArmstrongNumber.csproj", "{CF99B8C3-D6C8-4C97-80BF-EF7AA7E2A0D5}"
EndProject
Project("{FAE04EC0-301F-11D3-BF4B-00C04F79EFBC}") = "BubbleSort", "BubbleSort\BubbleSort.csproj", "{26A3D862-F5E4-44B0-ADF8-217AC140DDE7}"
EndProject
Project("{FAE04EC0-301F-11D3-BF4B-00C04F79EFBC}") = "Factorial", "Factorial\Factorial.csproj", "{97E272F0-9F14-41C6-944D-CCF98AD7DB25}"
EndProject
Project("{FAE04EC0-301F-11D3-BF4B-00C04F79EFBC}") = "FibonacciNumbers", "FibonacciNumbers\FibonacciNumbers.csproj", "{CF73E1BC-7EC6-4FF8-910A-C35A35F974E2}"
EndProject
Project("{FAE04EC0-301F-11D3-BF4B-00C04F79EFBC}") = "Goro", "Goro\Goro.csproj", "{F1035D11-35A1-42A0-9782-B7C0A5EC717D}"
EndProject
Project("{FAE04EC0-301F-11D3-BF4B-00C04F79EFBC}") = "Sieve", "Sieve\Sieve.csproj", "{9AD83A64-C21B-4BEB-B0D6-CDE6DE1BCE15}"
EndProject
Global
	GlobalSection(SolutionConfigurationPlatforms) = preSolution
		Debug|Any CPU = Debug|Any CPU
		Release|Any CPU = Release|Any CPU
	EndGlobalSection
	GlobalSection(ProjectConfigurationPlatforms) = postSolution
		{CF99B8C3-D6C8-4C97-80BF-EF7AA7E2A0D5}.Debug|Any CPU.ActiveCfg = Debug|Any CPU
		{CF99B8C3-D6C8-4C97-80BF-EF7AA7E2A0D5}.Debug|Any CPU.Build.0 = Debug|Any CPU
		{CF99B8C3-D6C8-4C97-80BF-EF7AA7E2A0D5}.Release|Any CPU.ActiveCfg = Release|Any CPU
		{CF99B8C3-D6C8-4C97-80BF-EF7AA7E2A0D5}.Release|Any CPU.Build.0 = Release|Any CPU
		{26A3D862-F5E4-44B0-ADF8-217AC140DDE7}.Debug|Any CPU.ActiveCfg = Debug|Any CPU
		{26A3D862-F5E4-44B0-ADF8-217AC140DDE7}.Debug|Any CPU.Build.0 = Debug|Any CPU
		{26A3D862-F5E4-44B0-ADF8-217AC140DDE7}.Release|Any CPU.ActiveCfg = Release|Any CPU
		{26A3D862-F5E4-44B0-ADF8-217AC140DDE7}.Release|Any CPU.Build.0 = Release|Any CPU
		{97E272F0-9F14-41C6-944D-CCF98AD7DB25}.Debug|Any CPU.ActiveCfg = Debug|Any CPU
		{97E272F0-9F14-41C6-944D-CCF98AD7DB25}.Debug|Any CPU.Build.0 = Debug|Any CPU
		{97E272F0-9F14-41C6-944D-CCF98AD7DB25}.Release|Any CPU.ActiveCfg = Release|Any CPU
		{97E272F0-9F14-41C6-944D-CCF98AD7DB25}.Release|Any CPU.Build.0 = Release|Any CPU
		{CF73E1BC-7EC6-4FF8-910A-C35A35F974E2}.Debug|Any CPU.ActiveCfg = Debug|Any CPU
		{CF73E1BC-7EC6-4FF8-910A-C35A35F974E2}.Debug|Any CPU.Build.0 = Debug|Any CPU
		{CF73E1BC-7EC6-4FF8-910A-C35A35F974E2}.Release|Any CPU.ActiveCfg = Release|Any CPU
		{CF73E1BC-7EC6-4FF8-910A-C35A35F974E2}.Release|Any CPU.Build.0 = Release|Any CPU
		{F1035D11-35A1-42A0-9782-B7C0A5EC717D}.Debug|Any CPU.ActiveCfg = Debug|Any CPU
		{F1035D11-35A1-42A0-9782-B7C0A5EC717D}.Debug|Any CPU.Build.0 = Debug|Any CPU
		{F1035D11-35A1-42A0-9782-B7C0A5EC717D}.Release|Any CPU.ActiveCfg = Release|Any CPU
		{F1035D11-35A1-42A0-9782-B7C0A5EC717D}.Release|Any CPU.Build.0 = Release|Any CPU
		{9AD83A64-C21B-4BEB-B0D6-CDE6DE1BCE15}.Debug|Any CPU.ActiveCfg = Debug|Any CPU
		{9AD83A64-C21B-4BEB-B0D6-CDE6DE1BCE15}.Debug|Any CPU.Build.0 = Debug|Any CPU
		{9AD83A64-C21B-4BEB-B0D6-CDE6DE1BCE15}.Release|Any CPU.ActiveCfg = Release|Any CPU
		{9AD83A64-C21B-4BEB-B0D6-CDE6DE1BCE15}.Release|Any CPU.Build.0 = Release|Any CPU
	EndGlobalSection
	GlobalSection(SolutionProperties) = preSolution
		HideSolutionNode = FALSE
	EndGlobalSection
EndGlobal
